
Microsoft Visual Studio Solution File, Format Version 12.00
# Visual Studio Version 16
VisualStudioVersion = 16.0.29123.88
MinimumVisualStudioVersion = 10.0.40219.1
Project("{9A19103F-16F7-4668-BE54-9A1E7A4F7556}") = "StarlightRiver", "StarlightRiver.csproj", "{CDFB0722-4075-4443-8D31-F3092D92A6B9}"
EndProject
Project("{2150E333-8FDC-42A3-9474-1A3956D46DE8}") = "Solution Items", "Solution Items", "{6996E5DE-94EA-4BBA-BF59-CD19AB88AE09}"
	ProjectSection(SolutionItems) = preProject
		.editorconfig = .editorconfig
	EndProjectSection
EndProject
Global
	GlobalSection(SolutionConfigurationPlatforms) = preSolution
		Debug|Any CPU = Debug|Any CPU
		Release|Any CPU = Release|Any CPU
	EndGlobalSection
	GlobalSection(ProjectConfigurationPlatforms) = postSolution
		{CDFB0722-4075-4443-8D31-F3092D92A6B9}.Debug|Any CPU.ActiveCfg = Debug|Any CPU
		{CDFB0722-4075-4443-8D31-F3092D92A6B9}.Debug|Any CPU.Build.0 = Debug|Any CPU
		{CDFB0722-4075-4443-8D31-F3092D92A6B9}.Release|Any CPU.ActiveCfg = Release|Any CPU
		{CDFB0722-4075-4443-8D31-F3092D92A6B9}.Release|Any CPU.Build.0 = Release|Any CPU
	EndGlobalSection
	GlobalSection(SolutionProperties) = preSolution
		HideSolutionNode = FALSE
	EndGlobalSection
	GlobalSection(ExtensibilityGlobals) = postSolution
		SolutionGuid = {D15A3119-6D5F-4045-B831-E30F07899117}
	EndGlobalSection
EndGlobal
